// !$*UTF8*$!
{
	archiveVersion = 1;
	classes = {
	};
	objectVersion = 55;
	objects = {

/* Begin PBXBuildFile section */
		0E381E7E28CF9D9600D25F5A /* AppDelegate.swift in Sources */ = {isa = PBXBuildFile; fileRef = 0E381E7D28CF9D9600D25F5A /* AppDelegate.swift */; };
		0E381E8028CF9D9600D25F5A /* SceneDelegate.swift in Sources */ = {isa = PBXBuildFile; fileRef = 0E381E7F28CF9D9600D25F5A /* SceneDelegate.swift */; };
		0E381E8228CF9D9600D25F5A /* ViewController.swift in Sources */ = {isa = PBXBuildFile; fileRef = 0E381E8128CF9D9600D25F5A /* ViewController.swift */; };
		0E381E8528CF9D9600D25F5A /* Main.storyboard in Resources */ = {isa = PBXBuildFile; fileRef = 0E381E8328CF9D9600D25F5A /* Main.storyboard */; };
		0E381E8728CF9D9700D25F5A /* Assets.xcassets in Resources */ = {isa = PBXBuildFile; fileRef = 0E381E8628CF9D9700D25F5A /* Assets.xcassets */; };
		0E381E8A28CF9D9700D25F5A /* LaunchScreen.storyboard in Resources */ = {isa = PBXBuildFile; fileRef = 0E381E8828CF9D9700D25F5A /* LaunchScreen.storyboard */; };
		0E381E9528CF9D9700D25F5A /* Dicee_iOS_GameTests.swift in Sources */ = {isa = PBXBuildFile; fileRef = 0E381E9428CF9D9700D25F5A /* Dicee_iOS_GameTests.swift */; };
		0E381E9F28CF9D9700D25F5A /* Dicee_iOS_GameUITests.swift in Sources */ = {isa = PBXBuildFile; fileRef = 0E381E9E28CF9D9700D25F5A /* Dicee_iOS_GameUITests.swift */; };
		0E381EA128CF9D9700D25F5A /* Dicee_iOS_GameUITestsLaunchTests.swift in Sources */ = {isa = PBXBuildFile; fileRef = 0E381EA028CF9D9700D25F5A /* Dicee_iOS_GameUITestsLaunchTests.swift */; };
/* End PBXBuildFile section */

/* Begin PBXContainerItemProxy section */
		0E381E9128CF9D9700D25F5A /* PBXContainerItemProxy */ = {
			isa = PBXContainerItemProxy;
			containerPortal = 0E381E7228CF9D9600D25F5A /* Project object */;
			proxyType = 1;
			remoteGlobalIDString = 0E381E7928CF9D9600D25F5A;
			remoteInfo = Dicee_iOS_Game;
		};
		0E381E9B28CF9D9700D25F5A /* PBXContainerItemProxy */ = {
			isa = PBXContainerItemProxy;
			containerPortal = 0E381E7228CF9D9600D25F5A /* Project object */;
			proxyType = 1;
			remoteGlobalIDString = 0E381E7928CF9D9600D25F5A;
			remoteInfo = Dicee_iOS_Game;
		};
/* End PBXContainerItemProxy section */

/* Begin PBXFileReference section */
		0E381E7A28CF9D9600D25F5A /* Dicee_iOS_Game.app */ = {isa = PBXFileReference; explicitFileType = wrapper.application; includeInIndex = 0; path = Dicee_iOS_Game.app; sourceTree = BUILT_PRODUCTS_DIR; };
		0E381E7D28CF9D9600D25F5A /* AppDelegate.swift */ = {isa = PBXFileReference; lastKnownFileType = sourcecode.swift; path = AppDelegate.swift; sourceTree = "<group>"; };
		0E381E7F28CF9D9600D25F5A /* SceneDelegate.swift */ = {isa = PBXFileReference; lastKnownFileType = sourcecode.swift; path = SceneDelegate.swift; sourceTree = "<group>"; };
		0E381E8128CF9D9600D25F5A /* ViewController.swift */ = {isa = PBXFileReference; lastKnownFileType = sourcecode.swift; path = ViewController.swift; sourceTree = "<group>"; };
		0E381E8428CF9D9600D25F5A /* Base */ = {isa = PBXFileReference; lastKnownFileType = file.storyboard; name = Base; path = Base.lproj/Main.storyboard; sourceTree = "<group>"; };
		0E381E8628CF9D9700D25F5A /* Assets.xcassets */ = {isa = PBXFileReference; lastKnownFileType = folder.assetcatalog; path = Assets.xcassets; sourceTree = "<group>"; };
		0E381E8928CF9D9700D25F5A /* Base */ = {isa = PBXFileReference; lastKnownFileType = file.storyboard; name = Base; path = Base.lproj/LaunchScreen.storyboard; sourceTree = "<group>"; };
		0E381E8B28CF9D9700D25F5A /* Info.plist */ = {isa = PBXFileReference; lastKnownFileType = text.plist.xml; path = Info.plist; sourceTree = "<group>"; };
		0E381E9028CF9D9700D25F5A /* Dicee_iOS_GameTests.xctest */ = {isa = PBXFileReference; explicitFileType = wrapper.cfbundle; includeInIndex = 0; path = Dicee_iOS_GameTests.xctest; sourceTree = BUILT_PRODUCTS_DIR; };
		0E381E9428CF9D9700D25F5A /* Dicee_iOS_GameTests.swift */ = {isa = PBXFileReference; lastKnownFileType = sourcecode.swift; path = Dicee_iOS_GameTests.swift; sourceTree = "<group>"; };
		0E381E9A28CF9D9700D25F5A /* Dicee_iOS_GameUITests.xctest */ = {isa = PBXFileReference; explicitFileType = wrapper.cfbundle; includeInIndex = 0; path = Dicee_iOS_GameUITests.xctest; sourceTree = BUILT_PRODUCTS_DIR; };
		0E381E9E28CF9D9700D25F5A /* Dicee_iOS_GameUITests.swift */ = {isa = PBXFileReference; lastKnownFileType = sourcecode.swift; path = Dicee_iOS_GameUITests.swift; sourceTree = "<group>"; };
		0E381EA028CF9D9700D25F5A /* Dicee_iOS_GameUITestsLaunchTests.swift */ = {isa = PBXFileReference; lastKnownFileType = sourcecode.swift; path = Dicee_iOS_GameUITestsLaunchTests.swift; sourceTree = "<group>"; };
/* End PBXFileReference section */

/* Begin PBXFrameworksBuildPhase section */
		0E381E7728CF9D9600D25F5A /* Frameworks */ = {
			isa = PBXFrameworksBuildPhase;
			buildActionMask = 2147483647;
			files = (
			);
			runOnlyForDeploymentPostprocessing = 0;
		};
		0E381E8D28CF9D9700D25F5A /* Frameworks */ = {
			isa = PBXFrameworksBuildPhase;
			buildActionMask = 2147483647;
			files = (
			);
			runOnlyForDeploymentPostprocessing = 0;
		};
		0E381E9728CF9D9700D25F5A /* Frameworks */ = {
			isa = PBXFrameworksBuildPhase;
			buildActionMask = 2147483647;
			files = (
			);
			runOnlyForDeploymentPostprocessing = 0;
		};
/* End PBXFrameworksBuildPhase section */

/* Begin PBXGroup section */
		0E381E7128CF9D9600D25F5A = {
			isa = PBXGroup;
			children = (
				0E381E7C28CF9D9600D25F5A /* Dicee_iOS_Game */,
				0E381E9328CF9D9700D25F5A /* Dicee_iOS_GameTests */,
				0E381E9D28CF9D9700D25F5A /* Dicee_iOS_GameUITests */,
				0E381E7B28CF9D9600D25F5A /* Products */,
			);
			sourceTree = "<group>";
		};
		0E381E7B28CF9D9600D25F5A /* Products */ = {
			isa = PBXGroup;
			children = (
				0E381E7A28CF9D9600D25F5A /* Dicee_iOS_Game.app */,
				0E381E9028CF9D9700D25F5A /* Dicee_iOS_GameTests.xctest */,
				0E381E9A28CF9D9700D25F5A /* Dicee_iOS_GameUITests.xctest */,
			);
			name = Products;
			sourceTree = "<group>";
		};
		0E381E7C28CF9D9600D25F5A /* Dicee_iOS_Game */ = {
			isa = PBXGroup;
			children = (
				0E381E7D28CF9D9600D25F5A /* AppDelegate.swift */,
				0E381E7F28CF9D9600D25F5A /* SceneDelegate.swift */,
				0E381E8128CF9D9600D25F5A /* ViewController.swift */,
				0E381E8328CF9D9600D25F5A /* Main.storyboard */,
				0E381E8628CF9D9700D25F5A /* Assets.xcassets */,
				0E381E8828CF9D9700D25F5A /* LaunchScreen.storyboard */,
				0E381E8B28CF9D9700D25F5A /* Info.plist */,
			);
			path = Dicee_iOS_Game;
			sourceTree = "<group>";
		};
		0E381E9328CF9D9700D25F5A /* Dicee_iOS_GameTests */ = {
			isa = PBXGroup;
			children = (
				0E381E9428CF9D9700D25F5A /* Dicee_iOS_GameTests.swift */,
			);
			path = Dicee_iOS_GameTests;
			sourceTree = "<group>";
		};
		0E381E9D28CF9D9700D25F5A /* Dicee_iOS_GameUITests */ = {
			isa = PBXGroup;
			children = (
				0E381E9E28CF9D9700D25F5A /* Dicee_iOS_GameUITests.swift */,
				0E381EA028CF9D9700D25F5A /* Dicee_iOS_GameUITestsLaunchTests.swift */,
			);
			path = Dicee_iOS_GameUITests;
			sourceTree = "<group>";
		};
/* End PBXGroup section */

/* Begin PBXNativeTarget section */
		0E381E7928CF9D9600D25F5A /* Dicee_iOS_Game */ = {
			isa = PBXNativeTarget;
			buildConfigurationList = 0E381EA428CF9D9700D25F5A /* Build configuration list for PBXNativeTarget "Dicee_iOS_Game" */;
			buildPhases = (
				0E381E7628CF9D9600D25F5A /* Sources */,
				0E381E7728CF9D9600D25F5A /* Frameworks */,
				0E381E7828CF9D9600D25F5A /* Resources */,
			);
			buildRules = (
			);
			dependencies = (
			);
			name = Dicee_iOS_Game;
			productName = Dicee_iOS_Game;
			productReference = 0E381E7A28CF9D9600D25F5A /* Dicee_iOS_Game.app */;
			productType = "com.apple.product-type.application";
		};
		0E381E8F28CF9D9700D25F5A /* Dicee_iOS_GameTests */ = {
			isa = PBXNativeTarget;
			buildConfigurationList = 0E381EA728CF9D9700D25F5A /* Build configuration list for PBXNativeTarget "Dicee_iOS_GameTests" */;
			buildPhases = (
				0E381E8C28CF9D9700D25F5A /* Sources */,
				0E381E8D28CF9D9700D25F5A /* Frameworks */,
				0E381E8E28CF9D9700D25F5A /* Resources */,
			);
			buildRules = (
			);
			dependencies = (
				0E381E9228CF9D9700D25F5A /* PBXTargetDependency */,
			);
			name = Dicee_iOS_GameTests;
			productName = Dicee_iOS_GameTests;
			productReference = 0E381E9028CF9D9700D25F5A /* Dicee_iOS_GameTests.xctest */;
			productType = "com.apple.product-type.bundle.unit-test";
		};
		0E381E9928CF9D9700D25F5A /* Dicee_iOS_GameUITests */ = {
			isa = PBXNativeTarget;
			buildConfigurationList = 0E381EAA28CF9D9700D25F5A /* Build configuration list for PBXNativeTarget "Dicee_iOS_GameUITests" */;
			buildPhases = (
				0E381E9628CF9D9700D25F5A /* Sources */,
				0E381E9728CF9D9700D25F5A /* Frameworks */,
				0E381E9828CF9D9700D25F5A /* Resources */,
			);
			buildRules = (
			);
			dependencies = (
				0E381E9C28CF9D9700D25F5A /* PBXTargetDependency */,
			);
			name = Dicee_iOS_GameUITests;
			productName = Dicee_iOS_GameUITests;
			productReference = 0E381E9A28CF9D9700D25F5A /* Dicee_iOS_GameUITests.xctest */;
			productType = "com.apple.product-type.bundle.ui-testing";
		};
/* End PBXNativeTarget section */

/* Begin PBXProject section */
		0E381E7228CF9D9600D25F5A /* Project object */ = {
			isa = PBXProject;
			attributes = {
				BuildIndependentTargetsInParallel = 1;
				LastSwiftUpdateCheck = 1340;
				LastUpgradeCheck = 1340;
				TargetAttributes = {
					0E381E7928CF9D9600D25F5A = {
						CreatedOnToolsVersion = 13.4.1;
					};
					0E381E8F28CF9D9700D25F5A = {
						CreatedOnToolsVersion = 13.4.1;
						TestTargetID = 0E381E7928CF9D9600D25F5A;
					};
					0E381E9928CF9D9700D25F5A = {
						CreatedOnToolsVersion = 13.4.1;
						TestTargetID = 0E381E7928CF9D9600D25F5A;
					};
				};
			};
			buildConfigurationList = 0E381E7528CF9D9600D25F5A /* Build configuration list for PBXProject "Dicee_iOS_Game" */;
			compatibilityVersion = "Xcode 13.0";
			developmentRegion = en;
			hasScannedForEncodings = 0;
			knownRegions = (
				en,
				Base,
			);
			mainGroup = 0E381E7128CF9D9600D25F5A;
			productRefGroup = 0E381E7B28CF9D9600D25F5A /* Products */;
			projectDirPath = "";
			projectRoot = "";
			targets = (
				0E381E7928CF9D9600D25F5A /* Dicee_iOS_Game */,
				0E381E8F28CF9D9700D25F5A /* Dicee_iOS_GameTests */,
				0E381E9928CF9D9700D25F5A /* Dicee_iOS_GameUITests */,
			);
		};
/* End PBXProject section */

/* Begin PBXResourcesBuildPhase section */
		0E381E7828CF9D9600D25F5A /* Resources */ = {
			isa = PBXResourcesBuildPhase;
			buildActionMask = 2147483647;
			files = (
				0E381E8A28CF9D9700D25F5A /* LaunchScreen.storyboard in Resources */,
				0E381E8728CF9D9700D25F5A /* Assets.xcassets in Resources */,
				0E381E8528CF9D9600D25F5A /* Main.storyboard in Resources */,
			);
			runOnlyForDeploymentPostprocessing = 0;
		};
		0E381E8E28CF9D9700D25F5A /* Resources */ = {
			isa = PBXResourcesBuildPhase;
			buildActionMask = 2147483647;
			files = (
			);
			runOnlyForDeploymentPostprocessing = 0;
		};
		0E381E9828CF9D9700D25F5A /* Resources */ = {
			isa = PBXResourcesBuildPhase;
			buildActionMask = 2147483647;
			files = (
			);
			runOnlyForDeploymentPostprocessing = 0;
		};
/* End PBXResourcesBuildPhase section */

/* Begin PBXSourcesBuildPhase section */
		0E381E7628CF9D9600D25F5A /* Sources */ = {
			isa = PBXSourcesBuildPhase;
			buildActionMask = 2147483647;
			files = (
				0E381E8228CF9D9600D25F5A /* ViewController.swift in Sources */,
				0E381E7E28CF9D9600D25F5A /* AppDelegate.swift in Sources */,
				0E381E8028CF9D9600D25F5A /* SceneDelegate.swift in Sources */,
			);
			runOnlyForDeploymentPostprocessing = 0;
		};
		0E381E8C28CF9D9700D25F5A /* Sources */ = {
			isa = PBXSourcesBuildPhase;
			buildActionMask = 2147483647;
			files = (
				0E381E9528CF9D9700D25F5A /* Dicee_iOS_GameTests.swift in Sources */,
			);
			runOnlyForDeploymentPostprocessing = 0;
		};
		0E381E9628CF9D9700D25F5A /* Sources */ = {
			isa = PBXSourcesBuildPhase;
			buildActionMask = 2147483647;
			files = (
				0E381E9F28CF9D9700D25F5A /* Dicee_iOS_GameUITests.swift in Sources */,
				0E381EA128CF9D9700D25F5A /* Dicee_iOS_GameUITestsLaunchTests.swift in Sources */,
			);
			runOnlyForDeploymentPostprocessing = 0;
		};
/* End PBXSourcesBuildPhase section */

/* Begin PBXTargetDependency section */
		0E381E9228CF9D9700D25F5A /* PBXTargetDependency */ = {
			isa = PBXTargetDependency;
			target = 0E381E7928CF9D9600D25F5A /* Dicee_iOS_Game */;
			targetProxy = 0E381E9128CF9D9700D25F5A /* PBXContainerItemProxy */;
		};
		0E381E9C28CF9D9700D25F5A /* PBXTargetDependency */ = {
			isa = PBXTargetDependency;
			target = 0E381E7928CF9D9600D25F5A /* Dicee_iOS_Game */;
			targetProxy = 0E381E9B28CF9D9700D25F5A /* PBXContainerItemProxy */;
		};
/* End PBXTargetDependency section */

/* Begin PBXVariantGroup section */
		0E381E8328CF9D9600D25F5A /* Main.storyboard */ = {
			isa = PBXVariantGroup;
			children = (
				0E381E8428CF9D9600D25F5A /* Base */,
			);
			name = Main.storyboard;
			sourceTree = "<group>";
		};
		0E381E8828CF9D9700D25F5A /* LaunchScreen.storyboard */ = {
			isa = PBXVariantGroup;
			children = (
				0E381E8928CF9D9700D25F5A /* Base */,
			);
			name = LaunchScreen.storyboard;
			sourceTree = "<group>";
		};
/* End PBXVariantGroup section */

/* Begin XCBuildConfiguration section */
		0E381EA228CF9D9700D25F5A /* Debug */ = {
			isa = XCBuildConfiguration;
			buildSettings = {
				ALWAYS_SEARCH_USER_PATHS = NO;
				CLANG_ANALYZER_NONNULL = YES;
				CLANG_ANALYZER_NUMBER_OBJECT_CONVERSION = YES_AGGRESSIVE;
				CLANG_CXX_LANGUAGE_STANDARD = "gnu++17";
				CLANG_ENABLE_MODULES = YES;
				CLANG_ENABLE_OBJC_ARC = YES;
				CLANG_ENABLE_OBJC_WEAK = YES;
				CLANG_WARN_BLOCK_CAPTURE_AUTORELEASING = YES;
				CLANG_WARN_BOOL_CONVERSION = YES;
				CLANG_WARN_COMMA = YES;
				CLANG_WARN_CONSTANT_CONVERSION = YES;
				CLANG_WARN_DEPRECATED_OBJC_IMPLEMENTATIONS = YES;
				CLANG_WARN_DIRECT_OBJC_ISA_USAGE = YES_ERROR;
				CLANG_WARN_DOCUMENTATION_COMMENTS = YES;
				CLANG_WARN_EMPTY_BODY = YES;
				CLANG_WARN_ENUM_CONVERSION = YES;
				CLANG_WARN_INFINITE_RECURSION = YES;
				CLANG_WARN_INT_CONVERSION = YES;
				CLANG_WARN_NON_LITERAL_NULL_CONVERSION = YES;
				CLANG_WARN_OBJC_IMPLICIT_RETAIN_SELF = YES;
				CLANG_WARN_OBJC_LITERAL_CONVERSION = YES;
				CLANG_WARN_OBJC_ROOT_CLASS = YES_ERROR;
				CLANG_WARN_QUOTED_INCLUDE_IN_FRAMEWORK_HEADER = YES;
				CLANG_WARN_RANGE_LOOP_ANALYSIS = YES;
				CLANG_WARN_STRICT_PROTOTYPES = YES;
				CLANG_WARN_SUSPICIOUS_MOVE = YES;
				CLANG_WARN_UNGUARDED_AVAILABILITY = YES_AGGRESSIVE;
				CLANG_WARN_UNREACHABLE_CODE = YES;
				CLANG_WARN__DUPLICATE_METHOD_MATCH = YES;
				COPY_PHASE_STRIP = NO;
				DEBUG_INFORMATION_FORMAT = dwarf;
				ENABLE_STRICT_OBJC_MSGSEND = YES;
				ENABLE_TESTABILITY = YES;
				GCC_C_LANGUAGE_STANDARD = gnu11;
				GCC_DYNAMIC_NO_PIC = NO;
				GCC_NO_COMMON_BLOCKS = YES;
				GCC_OPTIMIZATION_LEVEL = 0;
				GCC_PREPROCESSOR_DEFINITIONS = (
					"DEBUG=1",
					"$(inherited)",
				);
				GCC_WARN_64_TO_32_BIT_CONVERSION = YES;
				GCC_WARN_ABOUT_RETURN_TYPE = YES_ERROR;
				GCC_WARN_UNDECLARED_SELECTOR = YES;
				GCC_WARN_UNINITIALIZED_AUTOS = YES_AGGRESSIVE;
				GCC_WARN_UNUSED_FUNCTION = YES;
				GCC_WARN_UNUSED_VARIABLE = YES;
				IPHONEOS_DEPLOYMENT_TARGET = 15.5;
				MTL_ENABLE_DEBUG_INFO = INCLUDE_SOURCE;
				MTL_FAST_MATH = YES;
				ONLY_ACTIVE_ARCH = YES;
				SDKROOT = iphoneos;
				SWIFT_ACTIVE_COMPILATION_CONDITIONS = DEBUG;
				SWIFT_OPTIMIZATION_LEVEL = "-Onone";
			};
			name = Debug;
		};
		0E381EA328CF9D9700D25F5A /* Release */ = {
			isa = XCBuildConfiguration;
			buildSettings = {
				ALWAYS_SEARCH_USER_PATHS = NO;
				CLANG_ANALYZER_NONNULL = YES;
				CLANG_ANALYZER_NUMBER_OBJECT_CONVERSION = YES_AGGRESSIVE;
				CLANG_CXX_LANGUAGE_STANDARD = "gnu++17";
				CLANG_ENABLE_MODULES = YES;
				CLANG_ENABLE_OBJC_ARC = YES;
				CLANG_ENABLE_OBJC_WEAK = YES;
				CLANG_WARN_BLOCK_CAPTURE_AUTORELEASING = YES;
				CLANG_WARN_BOOL_CONVERSION = YES;
				CLANG_WARN_COMMA = YES;
				CLANG_WARN_CONSTANT_CONVERSION = YES;
				CLANG_WARN_DEPRECATED_OBJC_IMPLEMENTATIONS = YES;
				CLANG_WARN_DIRECT_OBJC_ISA_USAGE = YES_ERROR;
				CLANG_WARN_DOCUMENTATION_COMMENTS = YES;
				CLANG_WARN_EMPTY_BODY = YES;
				CLANG_WARN_ENUM_CONVERSION = YES;
				CLANG_WARN_INFINITE_RECURSION = YES;
				CLANG_WARN_INT_CONVERSION = YES;
				CLANG_WARN_NON_LITERAL_NULL_CONVERSION = YES;
				CLANG_WARN_OBJC_IMPLICIT_RETAIN_SELF = YES;
				CLANG_WARN_OBJC_LITERAL_CONVERSION = YES;
				CLANG_WARN_OBJC_ROOT_CLASS = YES_ERROR;
				CLANG_WARN_QUOTED_INCLUDE_IN_FRAMEWORK_HEADER = YES;
				CLANG_WARN_RANGE_LOOP_ANALYSIS = YES;
				CLANG_WARN_STRICT_PROTOTYPES = YES;
				CLANG_WARN_SUSPICIOUS_MOVE = YES;
				CLANG_WARN_UNGUARDED_AVAILABILITY = YES_AGGRESSIVE;
				CLANG_WARN_UNREACHABLE_CODE = YES;
				CLANG_WARN__DUPLICATE_METHOD_MATCH = YES;
				COPY_PHASE_STRIP = NO;
				DEBUG_INFORMATION_FORMAT = "dwarf-with-dsym";
				ENABLE_NS_ASSERTIONS = NO;
				ENABLE_STRICT_OBJC_MSGSEND = YES;
				GCC_C_LANGUAGE_STANDARD = gnu11;
				GCC_NO_COMMON_BLOCKS = YES;
				GCC_WARN_64_TO_32_BIT_CONVERSION = YES;
				GCC_WARN_ABOUT_RETURN_TYPE = YES_ERROR;
				GCC_WARN_UNDECLARED_SELECTOR = YES;
				GCC_WARN_UNINITIALIZED_AUTOS = YES_AGGRESSIVE;
				GCC_WARN_UNUSED_FUNCTION = YES;
				GCC_WARN_UNUSED_VARIABLE = YES;
				IPHONEOS_DEPLOYMENT_TARGET = 15.5;
				MTL_ENABLE_DEBUG_INFO = NO;
				MTL_FAST_MATH = YES;
				SDKROOT = iphoneos;
				SWIFT_COMPILATION_MODE = wholemodule;
				SWIFT_OPTIMIZATION_LEVEL = "-O";
				VALIDATE_PRODUCT = YES;
			};
			name = Release;
		};
		0E381EA528CF9D9700D25F5A /* Debug */ = {
			isa = XCBuildConfiguration;
			buildSettings = {
				ASSETCATALOG_COMPILER_APPICON_NAME = AppIcon;
				ASSETCATALOG_COMPILER_GLOBAL_ACCENT_COLOR_NAME = AccentColor;
				CODE_SIGN_STYLE = Automatic;
				CURRENT_PROJECT_VERSION = 1;
				DEVELOPMENT_TEAM = CF8S7AFXN9;
				GENERATE_INFOPLIST_FILE = YES;
				INFOPLIST_FILE = Dicee_iOS_Game/Info.plist;
				INFOPLIST_KEY_UIApplicationSupportsIndirectInputEvents = YES;
				INFOPLIST_KEY_UILaunchStoryboardName = LaunchScreen;
				INFOPLIST_KEY_UIMainStoryboardFile = Main;
				INFOPLIST_KEY_UISupportedInterfaceOrientations_iPad = "UIInterfaceOrientationPortrait UIInterfaceOrientationPortraitUpsideDown UIInterfaceOrientationLandscapeLeft UIInterfaceOrientationLandscapeRight";
				INFOPLIST_KEY_UISupportedInterfaceOrientations_iPhone = "UIInterfaceOrientationPortrait UIInterfaceOrientationLandscapeLeft UIInterfaceOrientationLandscapeRight";
				IPHONEOS_DEPLOYMENT_TARGET = 15.0;
				LD_RUNPATH_SEARCH_PATHS = (
					"$(inherited)",
					"@executable_path/Frameworks",
				);
				MARKETING_VERSION = 1.0;
				PRODUCT_BUNDLE_IDENTIFIER = "com.EmirhanSerin1.Dicee-iOS-Game";
				PRODUCT_NAME = "$(TARGET_NAME)";
				SWIFT_EMIT_LOC_STRINGS = YES;
				SWIFT_VERSION = 5.0;
				TARGETED_DEVICE_FAMILY = "1,2";
			};
			name = Debug;
		};
		0E381EA628CF9D9700D25F5A /* Release */ = {
			isa = XCBuildConfiguration;
			buildSettings = {
				ASSETCATALOG_COMPILER_APPICON_NAME = AppIcon;
				ASSETCATALOG_COMPILER_GLOBAL_ACCENT_COLOR_NAME = AccentColor;
				CODE_SIGN_STYLE = Automatic;
				CURRENT_PROJECT_VERSION = 1;
				DEVELOPMENT_TEAM = CF8S7AFXN9;
				GENERATE_INFOPLIST_FILE = YES;
				INFOPLIST_FILE = Dicee_iOS_Game/Info.plist;
				INFOPLIST_KEY_UIApplicationSupportsIndirectInputEvents = YES;
				INFOPLIST_KEY_UILaunchStoryboardName = LaunchScreen;
				INFOPLIST_KEY_UIMainStoryboardFile = Main;
				INFOPLIST_KEY_UISupportedInterfaceOrientations_iPad = "UIInterfaceOrientationPortrait UIInterfaceOrientationPortraitUpsideDown UIInterfaceOrientationLandscapeLeft UIInterfaceOrientationLandscapeRight";
				INFOPLIST_KEY_UISupportedInterfaceOrientations_iPhone = "UIInterfaceOrientationPortrait UIInterfaceOrientationLandscapeLeft UIInterfaceOrientationLandscapeRight";
				IPHONEOS_DEPLOYMENT_TARGET = 15.0;
				LD_RUNPATH_SEARCH_PATHS = (
					"$(inherited)",
					"@executable_path/Frameworks",
				);
				MARKETING_VERSION = 1.0;
				PRODUCT_BUNDLE_IDENTIFIER = "com.EmirhanSerin1.Dicee-iOS-Game";
				PRODUCT_NAME = "$(TARGET_NAME)";
				SWIFT_EMIT_LOC_STRINGS = YES;
				SWIFT_VERSION = 5.0;
				TARGETED_DEVICE_FAMILY = "1,2";
			};
			name = Release;
		};
		0E381EA828CF9D9700D25F5A /* Debug */ = {
			isa = XCBuildConfiguration;
			buildSettings = {
				ALWAYS_EMBED_SWIFT_STANDARD_LIBRARIES = YES;
				BUNDLE_LOADER = "$(TEST_HOST)";
				CODE_SIGN_STYLE = Automatic;
				CURRENT_PROJECT_VERSION = 1;
				GENERATE_INFOPLIST_FILE = YES;
				IPHONEOS_DEPLOYMENT_TARGET = 15.5;
				MARKETING_VERSION = 1.0;
				PRODUCT_BUNDLE_IDENTIFIER = "com.EmirhanSerin1.Dicee-iOS-GameTests";
				PRODUCT_NAME = "$(TARGET_NAME)";
				SWIFT_EMIT_LOC_STRINGS = NO;
				SWIFT_VERSION = 5.0;
				TARGETED_DEVICE_FAMILY = "1,2";
				TEST_HOST = "$(BUILT_PRODUCTS_DIR)/Dicee_iOS_Game.app/Dicee_iOS_Game";
			};
			name = Debug;
		};
		0E381EA928CF9D9700D25F5A /* Release */ = {
			isa = XCBuildConfiguration;
			buildSettings = {
				ALWAYS_EMBED_SWIFT_STANDARD_LIBRARIES = YES;
				BUNDLE_LOADER = "$(TEST_HOST)";
				CODE_SIGN_STYLE = Automatic;
				CURRENT_PROJECT_VERSION = 1;
				GENERATE_INFOPLIST_FILE = YES;
				IPHONEOS_DEPLOYMENT_TARGET = 15.5;
				MARKETING_VERSION = 1.0;
				PRODUCT_BUNDLE_IDENTIFIER = "com.EmirhanSerin1.Dicee-iOS-GameTests";
				PRODUCT_NAME = "$(TARGET_NAME)";
				SWIFT_EMIT_LOC_STRINGS = NO;
				SWIFT_VERSION = 5.0;
				TARGETED_DEVICE_FAMILY = "1,2";
				TEST_HOST = "$(BUILT_PRODUCTS_DIR)/Dicee_iOS_Game.app/Dicee_iOS_Game";
			};
			name = Release;
		};
		0E381EAB28CF9D9700D25F5A /* Debug */ = {
			isa = XCBuildConfiguration;
			buildSettings = {
				ALWAYS_EMBED_SWIFT_STANDARD_LIBRARIES = YES;
				CODE_SIGN_STYLE = Automatic;
				CURRENT_PROJECT_VERSION = 1;
				GENERATE_INFOPLIST_FILE = YES;
				MARKETING_VERSION = 1.0;
				PRODUCT_BUNDLE_IDENTIFIER = "com.EmirhanSerin1.Dicee-iOS-GameUITests";
				PRODUCT_NAME = "$(TARGET_NAME)";
				SWIFT_EMIT_LOC_STRINGS = NO;
				SWIFT_VERSION = 5.0;
				TARGETED_DEVICE_FAMILY = "1,2";
				TEST_TARGET_NAME = Dicee_iOS_Game;
			};
			name = Debug;
		};
		0E381EAC28CF9D9700D25F5A /* Release */ = {
			isa = XCBuildConfiguration;
			buildSettings = {
				ALWAYS_EMBED_SWIFT_STANDARD_LIBRARIES = YES;
				CODE_SIGN_STYLE = Automatic;
				CURRENT_PROJECT_VERSION = 1;
				GENERATE_INFOPLIST_FILE = YES;
				MARKETING_VERSION = 1.0;
				PRODUCT_BUNDLE_IDENTIFIER = "com.EmirhanSerin1.Dicee-iOS-GameUITests";
				PRODUCT_NAME = "$(TARGET_NAME)";
				SWIFT_EMIT_LOC_STRINGS = NO;
				SWIFT_VERSION = 5.0;
				TARGETED_DEVICE_FAMILY = "1,2";
				TEST_TARGET_NAME = Dicee_iOS_Game;
			};
			name = Release;
		};
/* End XCBuildConfiguration section */

/* Begin XCConfigurationList section */
		0E381E7528CF9D9600D25F5A /* Build configuration list for PBXProject "Dicee_iOS_Game" */ = {
			isa = XCConfigurationList;
			buildConfigurations = (
				0E381EA228CF9D9700D25F5A /* Debug */,
				0E381EA328CF9D9700D25F5A /* Release */,
			);
			defaultConfigurationIsVisible = 0;
			defaultConfigurationName = Release;
		};
		0E381EA428CF9D9700D25F5A /* Build configuration list for PBXNativeTarget "Dicee_iOS_Game" */ = {
			isa = XCConfigurationList;
			buildConfigurations = (
				0E381EA528CF9D9700D25F5A /* Debug */,
				0E381EA628CF9D9700D25F5A /* Release */,
			);
			defaultConfigurationIsVisible = 0;
			defaultConfigurationName = Release;
		};
		0E381EA728CF9D9700D25F5A /* Build configuration list for PBXNativeTarget "Dicee_iOS_GameTests" */ = {
			isa = XCConfigurationList;
			buildConfigurations = (
				0E381EA828CF9D9700D25F5A /* Debug */,
				0E381EA928CF9D9700D25F5A /* Release */,
			);
			defaultConfigurationIsVisible = 0;
			defaultConfigurationName = Release;
		};
		0E381EAA28CF9D9700D25F5A /* Build configuration list for PBXNativeTarget "Dicee_iOS_GameUITests" */ = {
			isa = XCConfigurationList;
			buildConfigurations = (
				0E381EAB28CF9D9700D25F5A /* Debug */,
				0E381EAC28CF9D9700D25F5A /* Release */,
			);
			defaultConfigurationIsVisible = 0;
			defaultConfigurationName = Release;
		};
/* End XCConfigurationList section */
	};
	rootObject = 0E381E7228CF9D9600D25F5A /* Project object */;
}
